
Microsoft Visual Studio Solution File, Format Version 12.00
# Visual Studio Version 17
VisualStudioVersion = 17.8.34525.116
MinimumVisualStudioVersion = 10.0.40219.1
Project("{9A19103F-16F7-4668-BE54-9A1E7A4F7556}") = "CodeWars", "CodeWars\CodeWars.csproj", "{0BAF05E8-E582-44E4-942E-9A6DB1D3E849}"
EndProject
Project("{FAE04EC0-301F-11D3-BF4B-00C04F79EFBC}") = "CodeWars.Tests", "CodeWars.Tests\CodeWars.Tests.csproj", "{3DB38379-42ED-4D46-BDC0-4426A1512FAA}"
EndProject
Global
	GlobalSection(SolutionConfigurationPlatforms) = preSolution
		Debug|Any CPU = Debug|Any CPU
		Release|Any CPU = Release|Any CPU
	EndGlobalSection
	GlobalSection(ProjectConfigurationPlatforms) = postSolution
		{0BAF05E8-E582-44E4-942E-9A6DB1D3E849}.Debug|Any CPU.ActiveCfg = Debug|Any CPU
		{0BAF05E8-E582-44E4-942E-9A6DB1D3E849}.Debug|Any CPU.Build.0 = Debug|Any CPU
		{0BAF05E8-E582-44E4-942E-9A6DB1D3E849}.Release|Any CPU.ActiveCfg = Release|Any CPU
		{0BAF05E8-E582-44E4-942E-9A6DB1D3E849}.Release|Any CPU.Build.0 = Release|Any CPU
		{3DB38379-42ED-4D46-BDC0-4426A1512FAA}.Debug|Any CPU.ActiveCfg = Debug|Any CPU
		{3DB38379-42ED-4D46-BDC0-4426A1512FAA}.Debug|Any CPU.Build.0 = Debug|Any CPU
		{3DB38379-42ED-4D46-BDC0-4426A1512FAA}.Release|Any CPU.ActiveCfg = Release|Any CPU
		{3DB38379-42ED-4D46-BDC0-4426A1512FAA}.Release|Any CPU.Build.0 = Release|Any CPU
	EndGlobalSection
	GlobalSection(SolutionProperties) = preSolution
		HideSolutionNode = FALSE
	EndGlobalSection
	GlobalSection(ExtensibilityGlobals) = postSolution
		SolutionGuid = {66C1EEC0-46DD-4C23-BF49-7FFA4F6E9923}
	EndGlobalSection
EndGlobal
